
Microsoft Visual Studio Solution File, Format Version 12.00
# Visual Studio Version 16
VisualStudioVersion = 16.0.31624.102
MinimumVisualStudioVersion = 10.0.40219.1
Project("{FAE04EC0-301F-11D3-BF4B-00C04F79EFBC}") = "Books.WebApi", "Books.WebApi.csproj", "{3C708FD0-1B2E-42A5-AF67-2487A910866D}"
	ProjectSection(ProjectDependencies) = postProject
		{63F96C68-F7BE-4E5D-8699-0CC111E7E950} = {63F96C68-F7BE-4E5D-8699-0CC111E7E950}
		{AB639292-9540-4CDC-AE65-8B7A08DD3072} = {AB639292-9540-4CDC-AE65-8B7A08DD3072}
		{43BFD5DC-9444-4C3D-AD57-3FBF447BF25C} = {43BFD5DC-9444-4C3D-AD57-3FBF447BF25C}
		{0477E1E7-9D56-4AC0-AC8E-FB32A83C35B3} = {0477E1E7-9D56-4AC0-AC8E-FB32A83C35B3}
		{B813BDED-5227-40D0-9AB9-E600AF659CEC} = {B813BDED-5227-40D0-9AB9-E600AF659CEC}
	EndProjectSection
EndProject
Project("{FAE04EC0-301F-11D3-BF4B-00C04F79EFBC}") = "Books.Service.Common", "..\Book.Service.Common\Books.Service.Common.csproj", "{B813BDED-5227-40D0-9AB9-E600AF659CEC}"
EndProject
Project("{FAE04EC0-301F-11D3-BF4B-00C04F79EFBC}") = "Books.Service", "..\Books.Service\Books.Service.csproj", "{AB639292-9540-4CDC-AE65-8B7A08DD3072}"
	ProjectSection(ProjectDependencies) = postProject
		{5F9B1723-0D68-4BB2-B1C2-CC34BE1D581A} = {5F9B1723-0D68-4BB2-B1C2-CC34BE1D581A}
		{63F96C68-F7BE-4E5D-8699-0CC111E7E950} = {63F96C68-F7BE-4E5D-8699-0CC111E7E950}
		{83413C94-574F-4E7D-A6AD-01850B71412E} = {83413C94-574F-4E7D-A6AD-01850B71412E}
		{43BFD5DC-9444-4C3D-AD57-3FBF447BF25C} = {43BFD5DC-9444-4C3D-AD57-3FBF447BF25C}
		{0477E1E7-9D56-4AC0-AC8E-FB32A83C35B3} = {0477E1E7-9D56-4AC0-AC8E-FB32A83C35B3}
		{B813BDED-5227-40D0-9AB9-E600AF659CEC} = {B813BDED-5227-40D0-9AB9-E600AF659CEC}
	EndProjectSection
EndProject
Project("{FAE04EC0-301F-11D3-BF4B-00C04F79EFBC}") = "Books.Repository.Common", "..\Books.Repository.Common\Books.Repository.Common.csproj", "{5F9B1723-0D68-4BB2-B1C2-CC34BE1D581A}"
EndProject
Project("{FAE04EC0-301F-11D3-BF4B-00C04F79EFBC}") = "Books.Repository", "..\Books.Repository\Books.Repository.csproj", "{83413C94-574F-4E7D-A6AD-01850B71412E}"
	ProjectSection(ProjectDependencies) = postProject
		{5F9B1723-0D68-4BB2-B1C2-CC34BE1D581A} = {5F9B1723-0D68-4BB2-B1C2-CC34BE1D581A}
		{4525E866-7335-4167-A4EC-5D818C6798D7} = {4525E866-7335-4167-A4EC-5D818C6798D7}
		{63F96C68-F7BE-4E5D-8699-0CC111E7E950} = {63F96C68-F7BE-4E5D-8699-0CC111E7E950}
		{43BFD5DC-9444-4C3D-AD57-3FBF447BF25C} = {43BFD5DC-9444-4C3D-AD57-3FBF447BF25C}
		{0477E1E7-9D56-4AC0-AC8E-FB32A83C35B3} = {0477E1E7-9D56-4AC0-AC8E-FB32A83C35B3}
	EndProjectSection
EndProject
Project("{FAE04EC0-301F-11D3-BF4B-00C04F79EFBC}") = "Books.Dal", "..\Books.Dal\Books.Dal.csproj", "{4525E866-7335-4167-A4EC-5D818C6798D7}"
	ProjectSection(ProjectDependencies) = postProject
		{63F96C68-F7BE-4E5D-8699-0CC111E7E950} = {63F96C68-F7BE-4E5D-8699-0CC111E7E950}
		{43BFD5DC-9444-4C3D-AD57-3FBF447BF25C} = {43BFD5DC-9444-4C3D-AD57-3FBF447BF25C}
		{0477E1E7-9D56-4AC0-AC8E-FB32A83C35B3} = {0477E1E7-9D56-4AC0-AC8E-FB32A83C35B3}
	EndProjectSection
EndProject
Project("{FAE04EC0-301F-11D3-BF4B-00C04F79EFBC}") = "Books.Model.Common", "..\Books.Model.Common\Books.Model.Common.csproj", "{63F96C68-F7BE-4E5D-8699-0CC111E7E950}"
EndProject
Project("{FAE04EC0-301F-11D3-BF4B-00C04F79EFBC}") = "Books.Model", "..\Books.Model\Books.Model.csproj", "{0477E1E7-9D56-4AC0-AC8E-FB32A83C35B3}"
	ProjectSection(ProjectDependencies) = postProject
		{63F96C68-F7BE-4E5D-8699-0CC111E7E950} = {63F96C68-F7BE-4E5D-8699-0CC111E7E950}
		{43BFD5DC-9444-4C3D-AD57-3FBF447BF25C} = {43BFD5DC-9444-4C3D-AD57-3FBF447BF25C}
	EndProjectSection
EndProject
Project("{FAE04EC0-301F-11D3-BF4B-00C04F79EFBC}") = "Books.Common", "..\Books.Common\Books.Common.csproj", "{43BFD5DC-9444-4C3D-AD57-3FBF447BF25C}"
EndProject
Global
	GlobalSection(SolutionConfigurationPlatforms) = preSolution
		Debug|Any CPU = Debug|Any CPU
		Release|Any CPU = Release|Any CPU
	EndGlobalSection
	GlobalSection(ProjectConfigurationPlatforms) = postSolution
		{3C708FD0-1B2E-42A5-AF67-2487A910866D}.Debug|Any CPU.ActiveCfg = Debug|Any CPU
		{3C708FD0-1B2E-42A5-AF67-2487A910866D}.Debug|Any CPU.Build.0 = Debug|Any CPU
		{3C708FD0-1B2E-42A5-AF67-2487A910866D}.Release|Any CPU.ActiveCfg = Release|Any CPU
		{3C708FD0-1B2E-42A5-AF67-2487A910866D}.Release|Any CPU.Build.0 = Release|Any CPU
		{B813BDED-5227-40D0-9AB9-E600AF659CEC}.Debug|Any CPU.ActiveCfg = Debug|Any CPU
		{B813BDED-5227-40D0-9AB9-E600AF659CEC}.Debug|Any CPU.Build.0 = Debug|Any CPU
		{B813BDED-5227-40D0-9AB9-E600AF659CEC}.Release|Any CPU.ActiveCfg = Release|Any CPU
		{B813BDED-5227-40D0-9AB9-E600AF659CEC}.Release|Any CPU.Build.0 = Release|Any CPU
		{AB639292-9540-4CDC-AE65-8B7A08DD3072}.Debug|Any CPU.ActiveCfg = Debug|Any CPU
		{AB639292-9540-4CDC-AE65-8B7A08DD3072}.Debug|Any CPU.Build.0 = Debug|Any CPU
		{AB639292-9540-4CDC-AE65-8B7A08DD3072}.Release|Any CPU.ActiveCfg = Release|Any CPU
		{AB639292-9540-4CDC-AE65-8B7A08DD3072}.Release|Any CPU.Build.0 = Release|Any CPU
		{5F9B1723-0D68-4BB2-B1C2-CC34BE1D581A}.Debug|Any CPU.ActiveCfg = Debug|Any CPU
		{5F9B1723-0D68-4BB2-B1C2-CC34BE1D581A}.Debug|Any CPU.Build.0 = Debug|Any CPU
		{5F9B1723-0D68-4BB2-B1C2-CC34BE1D581A}.Release|Any CPU.ActiveCfg = Release|Any CPU
		{5F9B1723-0D68-4BB2-B1C2-CC34BE1D581A}.Release|Any CPU.Build.0 = Release|Any CPU
		{83413C94-574F-4E7D-A6AD-01850B71412E}.Debug|Any CPU.ActiveCfg = Debug|Any CPU
		{83413C94-574F-4E7D-A6AD-01850B71412E}.Debug|Any CPU.Build.0 = Debug|Any CPU
		{83413C94-574F-4E7D-A6AD-01850B71412E}.Release|Any CPU.ActiveCfg = Release|Any CPU
		{83413C94-574F-4E7D-A6AD-01850B71412E}.Release|Any CPU.Build.0 = Release|Any CPU
		{4525E866-7335-4167-A4EC-5D818C6798D7}.Debug|Any CPU.ActiveCfg = Debug|Any CPU
		{4525E866-7335-4167-A4EC-5D818C6798D7}.Debug|Any CPU.Build.0 = Debug|Any CPU
		{4525E866-7335-4167-A4EC-5D818C6798D7}.Release|Any CPU.ActiveCfg = Release|Any CPU
		{4525E866-7335-4167-A4EC-5D818C6798D7}.Release|Any CPU.Build.0 = Release|Any CPU
		{63F96C68-F7BE-4E5D-8699-0CC111E7E950}.Debug|Any CPU.ActiveCfg = Debug|Any CPU
		{63F96C68-F7BE-4E5D-8699-0CC111E7E950}.Debug|Any CPU.Build.0 = Debug|Any CPU
		{63F96C68-F7BE-4E5D-8699-0CC111E7E950}.Release|Any CPU.ActiveCfg = Release|Any CPU
		{63F96C68-F7BE-4E5D-8699-0CC111E7E950}.Release|Any CPU.Build.0 = Release|Any CPU
		{0477E1E7-9D56-4AC0-AC8E-FB32A83C35B3}.Debug|Any CPU.ActiveCfg = Debug|Any CPU
		{0477E1E7-9D56-4AC0-AC8E-FB32A83C35B3}.Debug|Any CPU.Build.0 = Debug|Any CPU
		{0477E1E7-9D56-4AC0-AC8E-FB32A83C35B3}.Release|Any CPU.ActiveCfg = Release|Any CPU
		{0477E1E7-9D56-4AC0-AC8E-FB32A83C35B3}.Release|Any CPU.Build.0 = Release|Any CPU
		{43BFD5DC-9444-4C3D-AD57-3FBF447BF25C}.Debug|Any CPU.ActiveCfg = Debug|Any CPU
		{43BFD5DC-9444-4C3D-AD57-3FBF447BF25C}.Debug|Any CPU.Build.0 = Debug|Any CPU
		{43BFD5DC-9444-4C3D-AD57-3FBF447BF25C}.Release|Any CPU.ActiveCfg = Release|Any CPU
		{43BFD5DC-9444-4C3D-AD57-3FBF447BF25C}.Release|Any CPU.Build.0 = Release|Any CPU
	EndGlobalSection
	GlobalSection(SolutionProperties) = preSolution
		HideSolutionNode = FALSE
	EndGlobalSection
	GlobalSection(ExtensibilityGlobals) = postSolution
		SolutionGuid = {CFC3F8CA-AB6B-4AC9-9CCD-6D3FA66A3401}
	EndGlobalSection
EndGlobal
